PODS:
  - Expecta (1.0.6)
  - FSRoutes (0.0.1)

DEPENDENCIES:
  - Expecta
  - FSRoutes (from `../`)

SPEC REPOS:
  https://github.com/CocoaPods/Specs.git:
    - Expecta

EXTERNAL SOURCES:
  FSRoutes:
    :path: "../"

SPEC CHECKSUMS:
  Expecta: 3b6bd90a64b9a1dcb0b70aa0e10a7f8f631667d5
  FSRoutes: 2c281ad266841fc753ec70f6f82b1c00bfb63844

PODFILE CHECKSUM: d561b982184f90120eb9ad68b882c103390c94f0

COCOAPODS: 1.5.0
